// !$*UTF8*$!
{
	archiveVersion = 1;
	classes = {
	};
	objectVersion = 56;
	objects = {

/* Begin PBXBuildFile section */
		A5A70A1E29F00B020054BEF2 /* testCoreDataApp.swift in Sources */ = {isa = PBXBuildFile; fileRef = A5A70A1D29F00B020054BEF2 /* testCoreDataApp.swift */; };
		A5A70A2029F00B020054BEF2 /* ContentView.swift in Sources */ = {isa = PBXBuildFile; fileRef = A5A70A1F29F00B020054BEF2 /* ContentView.swift */; };
		A5A70A2229F00B030054BEF2 /* Assets.xcassets in Resources */ = {isa = PBXBuildFile; fileRef = A5A70A2129F00B030054BEF2 /* Assets.xcassets */; };
		A5A70A2529F00B030054BEF2 /* Preview Assets.xcassets in Resources */ = {isa = PBXBuildFile; fileRef = A5A70A2429F00B030054BEF2 /* Preview Assets.xcassets */; };
		A5A70A2729F00B030054BEF2 /* Persistence.swift in Sources */ = {isa = PBXBuildFile; fileRef = A5A70A2629F00B030054BEF2 /* Persistence.swift */; };
		A5A70A2A29F00B030054BEF2 /* testCoreData.xcdatamodeld in Sources */ = {isa = PBXBuildFile; fileRef = A5A70A2829F00B030054BEF2 /* testCoreData.xcdatamodeld */; };
		A5F6EE5E2D793A3200001692 /* UserDatabase.swift in Sources */ = {isa = PBXBuildFile; fileRef = A5F6EE5D2D793A3200001692 /* UserDatabase.swift */; };
/* End PBXBuildFile section */

/* Begin PBXFileReference section */
		A5A70A1A29F00B020054BEF2 /* testCoreData.app */ = {isa = PBXFileReference; explicitFileType = wrapper.application; includeInIndex = 0; path = testCoreData.app; sourceTree = BUILT_PRODUCTS_DIR; };
		A5A70A1D29F00B020054BEF2 /* testCoreDataApp.swift */ = {isa = PBXFileReference; lastKnownFileType = sourcecode.swift; path = testCoreDataApp.swift; sourceTree = "<group>"; };
		A5A70A1F29F00B020054BEF2 /* ContentView.swift */ = {isa = PBXFileReference; lastKnownFileType = sourcecode.swift; path = ContentView.swift; sourceTree = "<group>"; };
		A5A70A2129F00B030054BEF2 /* Assets.xcassets */ = {isa = PBXFileReference; lastKnownFileType = folder.assetcatalog; path = Assets.xcassets; sourceTree = "<group>"; };
		A5A70A2429F00B030054BEF2 /* Preview Assets.xcassets */ = {isa = PBXFileReference; lastKnownFileType = folder.assetcatalog; path = "Preview Assets.xcassets"; sourceTree = "<group>"; };
		A5A70A2629F00B030054BEF2 /* Persistence.swift */ = {isa = PBXFileReference; lastKnownFileType = sourcecode.swift; path = Persistence.swift; sourceTree = "<group>"; };
		A5A70A2929F00B030054BEF2 /* testCoreData.xcdatamodel */ = {isa = PBXFileReference; lastKnownFileType = wrapper.xcdatamodel; path = testCoreData.xcdatamodel; sourceTree = "<group>"; };
		A5A70A2B29F00B030054BEF2 /* Info.plist */ = {isa = PBXFileReference; lastKnownFileType = text.plist.xml; path = Info.plist; sourceTree = "<group>"; };
		A5F6EE5D2D793A3200001692 /* UserDatabase.swift */ = {isa = PBXFileReference; lastKnownFileType = sourcecode.swift; path = UserDatabase.swift; sourceTree = "<group>"; };
/* End PBXFileReference section */

/* Begin PBXFrameworksBuildPhase section */
		A5A70A1729F00B020054BEF2 /* Frameworks */ = {
			isa = PBXFrameworksBuildPhase;
			buildActionMask = 2147483647;
			files = (
			);
			runOnlyForDeploymentPostprocessing = 0;
		};
/* End PBXFrameworksBuildPhase section */

/* Begin PBXGroup section */
		A5A70A1129F00B020054BEF2 = {
			isa = PBXGroup;
			children = (
				A5A70A1C29F00B020054BEF2 /* testCoreData */,
				A5A70A1B29F00B020054BEF2 /* Products */,
			);
			sourceTree = "<group>";
		};
		A5A70A1B29F00B020054BEF2 /* Products */ = {
			isa = PBXGroup;
			children = (
				A5A70A1A29F00B020054BEF2 /* testCoreData.app */,
			);
			name = Products;
			sourceTree = "<group>";
		};
		A5A70A1C29F00B020054BEF2 /* testCoreData */ = {
			isa = PBXGroup;
			children = (
				A5A70A1D29F00B020054BEF2 /* testCoreDataApp.swift */,
				A5A70A1F29F00B020054BEF2 /* ContentView.swift */,
				A5A70A2129F00B030054BEF2 /* Assets.xcassets */,
				A5A70A2629F00B030054BEF2 /* Persistence.swift */,
				A5F6EE5D2D793A3200001692 /* UserDatabase.swift */,
				A5A70A2B29F00B030054BEF2 /* Info.plist */,
				A5A70A2829F00B030054BEF2 /* testCoreData.xcdatamodeld */,
				A5A70A2329F00B030054BEF2 /* Preview Content */,
			);
			path = testCoreData;
			sourceTree = "<group>";
		};
		A5A70A2329F00B030054BEF2 /* Preview Content */ = {
			isa = PBXGroup;
			children = (
				A5A70A2429F00B030054BEF2 /* Preview Assets.xcassets */,
			);
			path = "Preview Content";
			sourceTree = "<group>";
		};
/* End PBXGroup section */

/* Begin PBXNativeTarget section */
		A5A70A1929F00B020054BEF2 /* testCoreData */ = {
			isa = PBXNativeTarget;
			buildConfigurationList = A5A70A2E29F00B030054BEF2 /* Build configuration list for PBXNativeTarget "testCoreData" */;
			buildPhases = (
				A5A70A1629F00B020054BEF2 /* Sources */,
				A5A70A1729F00B020054BEF2 /* Frameworks */,
				A5A70A1829F00B020054BEF2 /* Resources */,
			);
			buildRules = (
			);
			dependencies = (
			);
			name = testCoreData;
			productName = testCoreData;
			productReference = A5A70A1A29F00B020054BEF2 /* testCoreData.app */;
			productType = "com.apple.product-type.application";
		};
/* End PBXNativeTarget section */

/* Begin PBXProject section */
		A5A70A1229F00B020054BEF2 /* Project object */ = {
			isa = PBXProject;
			attributes = {
				BuildIndependentTargetsInParallel = 1;
				LastSwiftUpdateCheck = 1430;
				LastUpgradeCheck = 1430;
				TargetAttributes = {
					A5A70A1929F00B020054BEF2 = {
						CreatedOnToolsVersion = 14.3;
					};
				};
			};
			buildConfigurationList = A5A70A1529F00B020054BEF2 /* Build configuration list for PBXProject "testCoreData" */;
			compatibilityVersion = "Xcode 14.0";
			developmentRegion = en;
			hasScannedForEncodings = 0;
			knownRegions = (
				en,
				Base,
			);
			mainGroup = A5A70A1129F00B020054BEF2;
			productRefGroup = A5A70A1B29F00B020054BEF2 /* Products */;
			projectDirPath = "";
			projectRoot = "";
			targets = (
				A5A70A1929F00B020054BEF2 /* testCoreData */,
			);
		};
/* End PBXProject section */

/* Begin PBXResourcesBuildPhase section */
		A5A70A1829F00B020054BEF2 /* Resources */ = {
			isa = PBXResourcesBuildPhase;
			buildActionMask = 2147483647;
			files = (
				A5A70A2529F00B030054BEF2 /* Preview Assets.xcassets in Resources */,
				A5A70A2229F00B030054BEF2 /* Assets.xcassets in Resources */,
			);
			runOnlyForDeploymentPostprocessing = 0;
		};
/* End PBXResourcesBuildPhase section */

/* Begin PBXSourcesBuildPhase section */
		A5A70A1629F00B020054BEF2 /* Sources */ = {
			isa = PBXSourcesBuildPhase;
			buildActionMask = 2147483647;
			files = (
				A5A70A2A29F00B030054BEF2 /* testCoreData.xcdatamodeld in Sources */,
				A5A70A2729F00B030054BEF2 /* Persistence.swift in Sources */,
				A5A70A2029F00B020054BEF2 /* ContentView.swift in Sources */,
				A5A70A1E29F00B020054BEF2 /* testCoreDataApp.swift in Sources */,
				A5F6EE5E2D793A3200001692 /* UserDatabase.swift in Sources */,
			);
			runOnlyForDeploymentPostprocessing = 0;
		};
/* End PBXSourcesBuildPhase section */

/* Begin XCBuildConfiguration section */
		A5A70A2C29F00B030054BEF2 /* Debug */ = {
			isa = XCBuildConfiguration;
			buildSettings = {
				ALWAYS_SEARCH_USER_PATHS = NO;
				CLANG_ANALYZER_NONNULL = YES;
				CLANG_ANALYZER_NUMBER_OBJECT_CONVERSION = YES_AGGRESSIVE;
				CLANG_CXX_LANGUAGE_STANDARD = "gnu++20";
				CLANG_ENABLE_MODULES = YES;
				CLANG_ENABLE_OBJC_ARC = YES;
				CLANG_ENABLE_OBJC_WEAK = YES;
				CLANG_WARN_BLOCK_CAPTURE_AUTORELEASING = YES;
				CLANG_WARN_BOOL_CONVERSION = YES;
				CLANG_WARN_COMMA = YES;
				CLANG_WARN_CONSTANT_CONVERSION = YES;
				CLANG_WARN_DEPRECATED_OBJC_IMPLEMENTATIONS = YES;
				CLANG_WARN_DIRECT_OBJC_ISA_USAGE = YES_ERROR;
				CLANG_WARN_DOCUMENTATION_COMMENTS = YES;
				CLANG_WARN_EMPTY_BODY = YES;
				CLANG_WARN_ENUM_CONVERSION = YES;
				CLANG_WARN_INFINITE_RECURSION = YES;
				CLANG_WARN_INT_CONVERSION = YES;
				CLANG_WARN_NON_LITERAL_NULL_CONVERSION = YES;
				CLANG_WARN_OBJC_IMPLICIT_RETAIN_SELF = YES;
				CLANG_WARN_OBJC_LITERAL_CONVERSION = YES;
				CLANG_WARN_OBJC_ROOT_CLASS = YES_ERROR;
				CLANG_WARN_QUOTED_INCLUDE_IN_FRAMEWORK_HEADER = YES;
				CLANG_WARN_RANGE_LOOP_ANALYSIS = YES;
				CLANG_WARN_STRICT_PROTOTYPES = YES;
				CLANG_WARN_SUSPICIOUS_MOVE = YES;
				CLANG_WARN_UNGUARDED_AVAILABILITY = YES_AGGRESSIVE;
				CLANG_WARN_UNREACHABLE_CODE = YES;
				CLANG_WARN__DUPLICATE_METHOD_MATCH = YES;
				COPY_PHASE_STRIP = NO;
				DEBUG_INFORMATION_FORMAT = dwarf;
				ENABLE_STRICT_OBJC_MSGSEND = YES;
				ENABLE_TESTABILITY = YES;
				GCC_C_LANGUAGE_STANDARD = gnu11;
				GCC_DYNAMIC_NO_PIC = NO;
				GCC_NO_COMMON_BLOCKS = YES;
				GCC_OPTIMIZATION_LEVEL = 0;
				GCC_PREPROCESSOR_DEFINITIONS = (
					"DEBUG=1",
					"$(inherited)",
				);
				GCC_WARN_64_TO_32_BIT_CONVERSION = YES;
				GCC_WARN_ABOUT_RETURN_TYPE = YES_ERROR;
				GCC_WARN_UNDECLARED_SELECTOR = YES;
				GCC_WARN_UNINITIALIZED_AUTOS = YES_AGGRESSIVE;
				GCC_WARN_UNUSED_FUNCTION = YES;
				GCC_WARN_UNUSED_VARIABLE = YES;
				IPHONEOS_DEPLOYMENT_TARGET = 16.4;
				MTL_ENABLE_DEBUG_INFO = INCLUDE_SOURCE;
				MTL_FAST_MATH = YES;
				ONLY_ACTIVE_ARCH = YES;
				SDKROOT = iphoneos;
				SWIFT_ACTIVE_COMPILATION_CONDITIONS = DEBUG;
				SWIFT_OPTIMIZATION_LEVEL = "-Onone";
			};
			name = Debug;
		};
		A5A70A2D29F00B030054BEF2 /* Release */ = {
			isa = XCBuildConfiguration;
			buildSettings = {
				ALWAYS_SEARCH_USER_PATHS = NO;
				CLANG_ANALYZER_NONNULL = YES;
				CLANG_ANALYZER_NUMBER_OBJECT_CONVERSION = YES_AGGRESSIVE;
				CLANG_CXX_LANGUAGE_STANDARD = "gnu++20";
				CLANG_ENABLE_MODULES = YES;
				CLANG_ENABLE_OBJC_ARC = YES;
				CLANG_ENABLE_OBJC_WEAK = YES;
				CLANG_WARN_BLOCK_CAPTURE_AUTORELEASING = YES;
				CLANG_WARN_BOOL_CONVERSION = YES;
				CLANG_WARN_COMMA = YES;
				CLANG_WARN_CONSTANT_CONVERSION = YES;
				CLANG_WARN_DEPRECATED_OBJC_IMPLEMENTATIONS = YES;
				CLANG_WARN_DIRECT_OBJC_ISA_USAGE = YES_ERROR;
				CLANG_WARN_DOCUMENTATION_COMMENTS = YES;
				CLANG_WARN_EMPTY_BODY = YES;
				CLANG_WARN_ENUM_CONVERSION = YES;
				CLANG_WARN_INFINITE_RECURSION = YES;
				CLANG_WARN_INT_CONVERSION = YES;
				CLANG_WARN_NON_LITERAL_NULL_CONVERSION = YES;
				CLANG_WARN_OBJC_IMPLICIT_RETAIN_SELF = YES;
				CLANG_WARN_OBJC_LITERAL_CONVERSION = YES;
				CLANG_WARN_OBJC_ROOT_CLASS = YES_ERROR;
				CLANG_WARN_QUOTED_INCLUDE_IN_FRAMEWORK_HEADER = YES;
				CLANG_WARN_RANGE_LOOP_ANALYSIS = YES;
				CLANG_WARN_STRICT_PROTOTYPES = YES;
				CLANG_WARN_SUSPICIOUS_MOVE = YES;
				CLANG_WARN_UNGUARDED_AVAILABILITY = YES_AGGRESSIVE;
				CLANG_WARN_UNREACHABLE_CODE = YES;
				CLANG_WARN__DUPLICATE_METHOD_MATCH = YES;
				COPY_PHASE_STRIP = NO;
				DEBUG_INFORMATION_FORMAT = "dwarf-with-dsym";
				ENABLE_NS_ASSERTIONS = NO;
				ENABLE_STRICT_OBJC_MSGSEND = YES;
				GCC_C_LANGUAGE_STANDARD = gnu11;
				GCC_NO_COMMON_BLOCKS = YES;
				GCC_WARN_64_TO_32_BIT_CONVERSION = YES;
				GCC_WARN_ABOUT_RETURN_TYPE = YES_ERROR;
				GCC_WARN_UNDECLARED_SELECTOR = YES;
				GCC_WARN_UNINITIALIZED_AUTOS = YES_AGGRESSIVE;
				GCC_WARN_UNUSED_FUNCTION = YES;
				GCC_WARN_UNUSED_VARIABLE = YES;
				IPHONEOS_DEPLOYMENT_TARGET = 16.4;
				MTL_ENABLE_DEBUG_INFO = NO;
				MTL_FAST_MATH = YES;
				SDKROOT = iphoneos;
				SWIFT_COMPILATION_MODE = wholemodule;
				SWIFT_OPTIMIZATION_LEVEL = "-O";
				VALIDATE_PRODUCT = YES;
			};
			name = Release;
		};
		A5A70A2F29F00B030054BEF2 /* Debug */ = {
			isa = XCBuildConfiguration;
			buildSettings = {
				ASSETCATALOG_COMPILER_APPICON_NAME = AppIcon;
				ASSETCATALOG_COMPILER_GLOBAL_ACCENT_COLOR_NAME = AccentColor;
				CODE_SIGN_STYLE = Automatic;
				CURRENT_PROJECT_VERSION = 1;
				DEVELOPMENT_ASSET_PATHS = "\"testCoreData/Preview Content\"";
				DEVELOPMENT_TEAM = U4CDL4R3ED;
				ENABLE_PREVIEWS = YES;
				GENERATE_INFOPLIST_FILE = YES;
				INFOPLIST_KEY_UIApplicationSceneManifest_Generation = YES;
				INFOPLIST_KEY_UIApplicationSupportsIndirectInputEvents = YES;
				INFOPLIST_KEY_UILaunchScreen_Generation = YES;
				INFOPLIST_KEY_UISupportedInterfaceOrientations_iPad = "UIInterfaceOrientationPortrait UIInterfaceOrientationPortraitUpsideDown UIInterfaceOrientationLandscapeLeft UIInterfaceOrientationLandscapeRight";
				INFOPLIST_KEY_UISupportedInterfaceOrientations_iPhone = "UIInterfaceOrientationPortrait UIInterfaceOrientationLandscapeLeft UIInterfaceOrientationLandscapeRight";
				LD_RUNPATH_SEARCH_PATHS = (
					"$(inherited)",
					"@executable_path/Frameworks",
				);
				MARKETING_VERSION = 1.0;
				PRODUCT_BUNDLE_IDENTIFIER = com.trzupek.testCoreData;
				PRODUCT_NAME = "$(TARGET_NAME)";
				SWIFT_EMIT_LOC_STRINGS = YES;
				SWIFT_VERSION = 5.0;
				TARGETED_DEVICE_FAMILY = "1,2";
			};
			name = Debug;
		};
		A5A70A3029F00B030054BEF2 /* Release */ = {
			isa = XCBuildConfiguration;
			buildSettings = {
				ASSETCATALOG_COMPILER_APPICON_NAME = AppIcon;
				ASSETCATALOG_COMPILER_GLOBAL_ACCENT_COLOR_NAME = AccentColor;
				CODE_SIGN_STYLE = Automatic;
				CURRENT_PROJECT_VERSION = 1;
				DEVELOPMENT_ASSET_PATHS = "\"testCoreData/Preview Content\"";
				DEVELOPMENT_TEAM = U4CDL4R3ED;
				ENABLE_PREVIEWS = YES;
				GENERATE_INFOPLIST_FILE = YES;
				INFOPLIST_KEY_UIApplicationSceneManifest_Generation = YES;
				INFOPLIST_KEY_UIApplicationSupportsIndirectInputEvents = YES;
				INFOPLIST_KEY_UILaunchScreen_Generation = YES;
				INFOPLIST_KEY_UISupportedInterfaceOrientations_iPad = "UIInterfaceOrientationPortrait UIInterfaceOrientationPortraitUpsideDown UIInterfaceOrientationLandscapeLeft UIInterfaceOrientationLandscapeRight";
				INFOPLIST_KEY_UISupportedInterfaceOrientations_iPhone = "UIInterfaceOrientationPortrait UIInterfaceOrientationLandscapeLeft UIInterfaceOrientationLandscapeRight";
				LD_RUNPATH_SEARCH_PATHS = (
					"$(inherited)",
					"@executable_path/Frameworks",
				);
				MARKETING_VERSION = 1.0;
				PRODUCT_BUNDLE_IDENTIFIER = com.trzupek.testCoreData;
				PRODUCT_NAME = "$(TARGET_NAME)";
				SWIFT_EMIT_LOC_STRINGS = YES;
				SWIFT_VERSION = 5.0;
				TARGETED_DEVICE_FAMILY = "1,2";
			};
			name = Release;
		};
/* End XCBuildConfiguration section */

/* Begin XCConfigurationList section */
		A5A70A1529F00B020054BEF2 /* Build configuration list for PBXProject "testCoreData" */ = {
			isa = XCConfigurationList;
			buildConfigurations = (
				A5A70A2C29F00B030054BEF2 /* Debug */,
				A5A70A2D29F00B030054BEF2 /* Release */,
			);
			defaultConfigurationIsVisible = 0;
			defaultConfigurationName = Release;
		};
		A5A70A2E29F00B030054BEF2 /* Build configuration list for PBXNativeTarget "testCoreData" */ = {
			isa = XCConfigurationList;
			buildConfigurations = (
				A5A70A2F29F00B030054BEF2 /* Debug */,
				A5A70A3029F00B030054BEF2 /* Release */,
			);
			defaultConfigurationIsVisible = 0;
			defaultConfigurationName = Release;
		};
/* End XCConfigurationList section */

/* Begin XCVersionGroup section */
		A5A70A2829F00B030054BEF2 /* testCoreData.xcdatamodeld */ = {
			isa = XCVersionGroup;
			children = (
				A5A70A2929F00B030054BEF2 /* testCoreData.xcdatamodel */,
			);
			currentVersion = A5A70A2929F00B030054BEF2 /* testCoreData.xcdatamodel */;
			path = testCoreData.xcdatamodeld;
			sourceTree = "<group>";
			versionGroupType = wrapper.xcdatamodel;
		};
/* End XCVersionGroup section */
	};
	rootObject = A5A70A1229F00B020054BEF2 /* Project object */;
}
